Microsoft Visual Studio Solution File, Format Version 12.00
# Visual Studio Version 17
VisualStudioVersion = 17.0.31903.59
MinimumVisualStudioVersion = 10.0.40219.1
Project("{2150E333-8FDC-42A3-9474-1A3956D46DE8}") = "Editor", "Editor", "{28251423-8E50-9DF4-F913-DC1FAAA673F1}"
EndProject
Project("{FAE04EC0-301F-11D3-BF4B-00C04F79EFBC}") = "LumenX", "Editor\LumenXEditor.vcxproj", "{FC56C18E-6BE7-4489-AB06-564A29A9625E}"
EndProject
Project("{8BC9CEB8-8B4A-11D0-8D11-00A0C91BC942}") = "Engine", "Engine\LumenXEngine.vcxproj", "{C70EA1A6-FB7B-4150-A4BA-3F2097122468}"
EndProject
Global
	GlobalSection(SolutionConfigurationPlatforms) = preSolution
		Debug|Any CPU = Debug|Any CPU
		Debug|x64 = Debug|x64
		Release|Any CPU = Release|Any CPU
		Release|x64 = Release|x64
	EndGlobalSection
	GlobalSection(ProjectConfigurationPlatforms) = postSolution
		{FC56C18E-6BE7-4489-AB06-564A29A9625E}.Debug|Any CPU.ActiveCfg = Debug|Any CPU
		{FC56C18E-6BE7-4489-AB06-564A29A9625E}.Debug|Any CPU.Build.0 = Debug|Any CPU
		{FC56C18E-6BE7-4489-AB06-564A29A9625E}.Debug|x64.ActiveCfg = Debug|Any CPU
		{FC56C18E-6BE7-4489-AB06-564A29A9625E}.Debug|x64.Build.0 = Debug|Any CPU
		{FC56C18E-6BE7-4489-AB06-564A29A9625E}.Release|Any CPU.ActiveCfg = Release|Any CPU
		{FC56C18E-6BE7-4489-AB06-564A29A9625E}.Release|Any CPU.Build.0 = Release|Any CPU
		{FC56C18E-6BE7-4489-AB06-564A29A9625E}.Release|x64.ActiveCfg = Release|Any CPU
		{FC56C18E-6BE7-4489-AB06-564A29A9625E}.Release|x64.Build.0 = Release|Any CPU
		{C70EA1A6-FB7B-4150-A4BA-3F2097122468}.Debug|Any CPU.ActiveCfg = Debug|x64
		{C70EA1A6-FB7B-4150-A4BA-3F2097122468}.Debug|x64.ActiveCfg = Debug|x64
		{C70EA1A6-FB7B-4150-A4BA-3F2097122468}.Debug|x64.Build.0 = Debug|x64
		{C70EA1A6-FB7B-4150-A4BA-3F2097122468}.Release|Any CPU.ActiveCfg = Release|x64
		{C70EA1A6-FB7B-4150-A4BA-3F2097122468}.Release|x64.ActiveCfg = Release|x64
		{C70EA1A6-FB7B-4150-A4BA-3F2097122468}.Release|x64.Build.0 = Release|x64
	EndGlobalSection
	GlobalSection(SolutionProperties) = preSolution
		HideSolutionNode = FALSE
	EndGlobalSection
	GlobalSection(NestedProjects) = preSolution
		{FC56C18E-6BE7-4489-AB06-564A29A9625E} = {28251423-8E50-9DF4-F913-DC1FAAA673F1}
	EndGlobalSection
EndGlobal
